
Microsoft Visual Studio Solution File, Format Version 12.00
# Visual Studio 15
Project("{FAE04EC0-301F-11D3-BF4B-00C04F79EFBC}") = "Assembly-CSharp", "Assembly-CSharp.csproj", "{A71CC7C6-E2D5-EB70-BEB2-F54A7743C81D}"
EndProject
Project("{FAE04EC0-301F-11D3-BF4B-00C04F79EFBC}") = "UnityWakatime", "UnityWakatime.csproj", "{45C9A96F-D7CB-622A-F3C3-C20D287F5DD1}"
EndProject
Global
	GlobalSection(SolutionConfigurationPlatforms) = preSolution
		Debug|Any CPU = Debug|Any CPU
		Release|Any CPU = Release|Any CPU
	EndGlobalSection
	GlobalSection(ProjectConfigurationPlatforms) = postSolution
		{A71CC7C6-E2D5-EB70-BEB2-F54A7743C81D}.Debug|Any CPU.ActiveCfg = Debug|Any CPU
		{A71CC7C6-E2D5-EB70-BEB2-F54A7743C81D}.Debug|Any CPU.Build.0 = Debug|Any CPU
		{A71CC7C6-E2D5-EB70-BEB2-F54A7743C81D}.Release|Any CPU.ActiveCfg = Release|Any CPU
		{A71CC7C6-E2D5-EB70-BEB2-F54A7743C81D}.Release|Any CPU.Build.0 = Release|Any CPU
		{45C9A96F-D7CB-622A-F3C3-C20D287F5DD1}.Debug|Any CPU.ActiveCfg = Debug|Any CPU
		{45C9A96F-D7CB-622A-F3C3-C20D287F5DD1}.Debug|Any CPU.Build.0 = Debug|Any CPU
		{45C9A96F-D7CB-622A-F3C3-C20D287F5DD1}.Release|Any CPU.ActiveCfg = Release|Any CPU
		{45C9A96F-D7CB-622A-F3C3-C20D287F5DD1}.Release|Any CPU.Build.0 = Release|Any CPU
	EndGlobalSection
	GlobalSection(SolutionProperties) = preSolution
		HideSolutionNode = FALSE
	EndGlobalSection
EndGlobal
